
Microsoft Visual Studio Solution File, Format Version 12.00
# Visual Studio Version 17
VisualStudioVersion = 17.8.34330.188
MinimumVisualStudioVersion = 10.0.40219.1
Project("{9A19103F-16F7-4668-BE54-9A1E7A4F7556}") = "AppGestion", "AppGestion\AppGestion.csproj", "{021A960D-1160-42B4-AC64-6FC92C495B92}"
EndProject
Global
	GlobalSection(SolutionConfigurationPlatforms) = preSolution
		Debug|Any CPU = Debug|Any CPU
		Release|Any CPU = Release|Any CPU
	EndGlobalSection
	GlobalSection(ProjectConfigurationPlatforms) = postSolution
		{021A960D-1160-42B4-AC64-6FC92C495B92}.Debug|Any CPU.ActiveCfg = Debug|Any CPU
		{021A960D-1160-42B4-AC64-6FC92C495B92}.Debug|Any CPU.Build.0 = Debug|Any CPU
		{021A960D-1160-42B4-AC64-6FC92C495B92}.Release|Any CPU.ActiveCfg = Release|Any CPU
		{021A960D-1160-42B4-AC64-6FC92C495B92}.Release|Any CPU.Build.0 = Release|Any CPU
	EndGlobalSection
	GlobalSection(SolutionProperties) = preSolution
		HideSolutionNode = FALSE
	EndGlobalSection
	GlobalSection(ExtensibilityGlobals) = postSolution
		SolutionGuid = {6AD25699-4A9A-4307-B7EB-D43F66854E01}
	EndGlobalSection
EndGlobal
